
Microsoft Visual Studio Solution File, Format Version 12.00
# Visual Studio Version 16
VisualStudioVersion = 16.0.31410.223
MinimumVisualStudioVersion = 10.0.40219.1
Project("{FAE04EC0-301F-11D3-BF4B-00C04F79EFBC}") = "DeviceExplorer", "DeviceExplorer\DeviceExplorer.csproj", "{8FBF110F-73AD-4139-9A34-1B7D55E4CD69}"
EndProject
Project("{FAE04EC0-301F-11D3-BF4B-00C04F79EFBC}") = "DeviceExplorerMvvm", "DeviceExplorerMvvm\DeviceExplorerMvvm.csproj", "{FB8ADC07-E9D6-4C31-9DAF-B09085F4F86A}"
EndProject
Project("{FAE04EC0-301F-11D3-BF4B-00C04F79EFBC}") = "Devices", "Devices\Devices.csproj", "{906B287E-449C-4004-9987-B1028336FF6B}"
EndProject
Project("{7CF6DF6D-3B04-46F8-A40B-537D21BCA0B4}") = "ExplorerDoc", "Doc\ExplorerDoc\ExplorerDoc.shfbproj", "{AC1089D8-9012-4088-A25E-45DD2F5A0FED}"
EndProject
Project("{2150E333-8FDC-42A3-9474-1A3956D46DE8}") = "Src", "Src", "{D3CBA760-1DE8-4C43-988C-EE370FA5F38A}"
EndProject
Project("{2150E333-8FDC-42A3-9474-1A3956D46DE8}") = "Demo", "Demo", "{509D0660-8C73-4861-89BF-C96D6D7B6B5B}"
EndProject
Project("{2150E333-8FDC-42A3-9474-1A3956D46DE8}") = "Doc", "Doc", "{13B4EC02-3E3A-4A9A-A991-6FF1FD943B9F}"
EndProject
Project("{D954291E-2A0B-460D-934E-DC6B0785DB48}") = "ExplorerShare", "Src\ExplorerShare\ExplorerShare.shproj", "{5D3565B1-9A81-43BF-9E87-D3B1C06BF52B}"
EndProject
Project("{9A19103F-16F7-4668-BE54-9A1E7A4F7556}") = "Explorer50", "Src\Explorer50\Explorer50.csproj", "{E79E41EE-1DE1-42F7-A80C-0F3D0E668617}"
EndProject
Project("{D954291E-2A0B-460D-934E-DC6B0785DB48}") = "DevicesShare", "Demo\DevicesShare\DevicesShare.shproj", "{F35ADAB3-F2F8-4123-835D-CB007424969D}"
EndProject
Project("{D954291E-2A0B-460D-934E-DC6B0785DB48}") = "DeviceExplorerMvvmShare", "Demo\DeviceExplorerMvvmShare\DeviceExplorerMvvmShare.shproj", "{D1F95152-C333-4266-8913-A7E694C47360}"
EndProject
Project("{D954291E-2A0B-460D-934E-DC6B0785DB48}") = "DeviceExplorerShare", "Demo\DeviceExplorerShare\DeviceExplorerShare.shproj", "{9ECBF37D-3257-4DBA-A80E-0FA753467417}"
EndProject
Project("{2150E333-8FDC-42A3-9474-1A3956D46DE8}") = "Old", "Old", "{566F3008-CDEC-40E3-8F26-B385855D6F8F}"
EndProject
Project("{FAE04EC0-301F-11D3-BF4B-00C04F79EFBC}") = "DeviceExplorer50", "Demo\DeviceExplorer50\DeviceExplorer50.csproj", "{03850822-B29F-486B-999D-A0635563567C}"
EndProject
Project("{FAE04EC0-301F-11D3-BF4B-00C04F79EFBC}") = "DeviceExplorerMvvm50", "Demo\DeviceExplorerMvvm50\DeviceExplorerMvvm50.csproj", "{39DFF2A1-0882-45D1-8222-C63B642F1656}"
EndProject
Project("{FAE04EC0-301F-11D3-BF4B-00C04F79EFBC}") = "Devices50", "Demo\Devices50\Devices50.csproj", "{3FF07DF7-D91C-40C6-83A5-EB4934036883}"
EndProject
Project("{FAE04EC0-301F-11D3-BF4B-00C04F79EFBC}") = "ExplorerFramework45", "Src\ExplorerFramework45\ExplorerFramework45.csproj", "{C0CB4896-445D-40A1-B0F1-8450FDF9FB5F}"
EndProject
Project("{FAE04EC0-301F-11D3-BF4B-00C04F79EFBC}") = "DevicesFramework45", "Demo\DevicesFramework45\DevicesFramework45.csproj", "{31D67138-33F1-47B3-A488-2F60968FE3F5}"
EndProject
Project("{FAE04EC0-301F-11D3-BF4B-00C04F79EFBC}") = "DevicesExplorerFramework45", "Demo\DevicesExplorerFramework45\DevicesExplorerFramework45.csproj", "{D57A2407-A1C1-402F-AC52-B7054A4361B2}"
EndProject
Project("{FAE04EC0-301F-11D3-BF4B-00C04F79EFBC}") = "DevicesExplorerMvvmFramework45", "Demo\DevicesExplorerMvvmFramework45\DevicesExplorerMvvmFramework45.csproj", "{4B888E4D-C21A-483F-A618-7F2E99D92959}"
EndProject
Global
	GlobalSection(SharedMSBuildProjectFiles) = preSolution
		Demo\DeviceExplorerShare\DeviceExplorerShare.projitems*{03850822-b29f-486b-999d-a0635563567c}*SharedItemsImports = 5
		Demo\DevicesShare\DevicesShare.projitems*{31d67138-33f1-47b3-a488-2f60968fe3f5}*SharedItemsImports = 4
		Demo\DeviceExplorerMvvmShare\DeviceExplorerMvvmShare.projitems*{39dff2a1-0882-45d1-8222-c63b642f1656}*SharedItemsImports = 5
		Demo\DevicesShare\DevicesShare.projitems*{3ff07df7-d91c-40c6-83a5-eb4934036883}*SharedItemsImports = 5
		Demo\DeviceExplorerMvvmShare\DeviceExplorerMvvmShare.projitems*{4b888e4d-c21a-483f-a618-7f2e99d92959}*SharedItemsImports = 4
		Src\ExplorerShare\ExplorerShare.projitems*{5d3565b1-9a81-43bf-9e87-d3b1c06bf52b}*SharedItemsImports = 13
		Demo\DeviceExplorerShare\DeviceExplorerShare.projitems*{9ecbf37d-3257-4dba-a80e-0fa753467417}*SharedItemsImports = 13
		Src\ExplorerShare\ExplorerShare.projitems*{c0cb4896-445d-40a1-b0f1-8450fdf9fb5f}*SharedItemsImports = 4
		Demo\DeviceExplorerMvvmShare\DeviceExplorerMvvmShare.projitems*{d1f95152-c333-4266-8913-a7e694c47360}*SharedItemsImports = 13
		Demo\DeviceExplorerShare\DeviceExplorerShare.projitems*{d57a2407-a1c1-402f-ac52-b7054a4361b2}*SharedItemsImports = 4
		Src\ExplorerShare\ExplorerShare.projitems*{e79e41ee-1de1-42f7-a80c-0f3d0e668617}*SharedItemsImports = 5
		Demo\DevicesShare\DevicesShare.projitems*{f35adab3-f2f8-4123-835d-cb007424969d}*SharedItemsImports = 13
	EndGlobalSection
	GlobalSection(SolutionConfigurationPlatforms) = preSolution
		Debug|Any CPU = Debug|Any CPU
		Release|Any CPU = Release|Any CPU
	EndGlobalSection
	GlobalSection(ProjectConfigurationPlatforms) = postSolution
		{8FBF110F-73AD-4139-9A34-1B7D55E4CD69}.Debug|Any CPU.ActiveCfg = Debug|Any CPU
		{8FBF110F-73AD-4139-9A34-1B7D55E4CD69}.Debug|Any CPU.Build.0 = Debug|Any CPU
		{8FBF110F-73AD-4139-9A34-1B7D55E4CD69}.Release|Any CPU.ActiveCfg = Release|Any CPU
		{8FBF110F-73AD-4139-9A34-1B7D55E4CD69}.Release|Any CPU.Build.0 = Release|Any CPU
		{FB8ADC07-E9D6-4C31-9DAF-B09085F4F86A}.Debug|Any CPU.ActiveCfg = Debug|Any CPU
		{FB8ADC07-E9D6-4C31-9DAF-B09085F4F86A}.Debug|Any CPU.Build.0 = Debug|Any CPU
		{FB8ADC07-E9D6-4C31-9DAF-B09085F4F86A}.Release|Any CPU.ActiveCfg = Release|Any CPU
		{FB8ADC07-E9D6-4C31-9DAF-B09085F4F86A}.Release|Any CPU.Build.0 = Release|Any CPU
		{906B287E-449C-4004-9987-B1028336FF6B}.Debug|Any CPU.ActiveCfg = Debug|Any CPU
		{906B287E-449C-4004-9987-B1028336FF6B}.Debug|Any CPU.Build.0 = Debug|Any CPU
		{906B287E-449C-4004-9987-B1028336FF6B}.Release|Any CPU.ActiveCfg = Release|Any CPU
		{906B287E-449C-4004-9987-B1028336FF6B}.Release|Any CPU.Build.0 = Release|Any CPU
		{AC1089D8-9012-4088-A25E-45DD2F5A0FED}.Debug|Any CPU.ActiveCfg = Debug|Any CPU
		{AC1089D8-9012-4088-A25E-45DD2F5A0FED}.Release|Any CPU.ActiveCfg = Release|Any CPU
		{AC1089D8-9012-4088-A25E-45DD2F5A0FED}.Release|Any CPU.Build.0 = Release|Any CPU
		{E79E41EE-1DE1-42F7-A80C-0F3D0E668617}.Debug|Any CPU.ActiveCfg = Debug|Any CPU
		{E79E41EE-1DE1-42F7-A80C-0F3D0E668617}.Debug|Any CPU.Build.0 = Debug|Any CPU
		{E79E41EE-1DE1-42F7-A80C-0F3D0E668617}.Release|Any CPU.ActiveCfg = Release|Any CPU
		{E79E41EE-1DE1-42F7-A80C-0F3D0E668617}.Release|Any CPU.Build.0 = Release|Any CPU
		{03850822-B29F-486B-999D-A0635563567C}.Debug|Any CPU.ActiveCfg = Debug|Any CPU
		{03850822-B29F-486B-999D-A0635563567C}.Debug|Any CPU.Build.0 = Debug|Any CPU
		{03850822-B29F-486B-999D-A0635563567C}.Release|Any CPU.ActiveCfg = Release|Any CPU
		{03850822-B29F-486B-999D-A0635563567C}.Release|Any CPU.Build.0 = Release|Any CPU
		{39DFF2A1-0882-45D1-8222-C63B642F1656}.Debug|Any CPU.ActiveCfg = Debug|Any CPU
		{39DFF2A1-0882-45D1-8222-C63B642F1656}.Debug|Any CPU.Build.0 = Debug|Any CPU
		{39DFF2A1-0882-45D1-8222-C63B642F1656}.Release|Any CPU.ActiveCfg = Release|Any CPU
		{39DFF2A1-0882-45D1-8222-C63B642F1656}.Release|Any CPU.Build.0 = Release|Any CPU
		{3FF07DF7-D91C-40C6-83A5-EB4934036883}.Debug|Any CPU.ActiveCfg = Debug|Any CPU
		{3FF07DF7-D91C-40C6-83A5-EB4934036883}.Debug|Any CPU.Build.0 = Debug|Any CPU
		{3FF07DF7-D91C-40C6-83A5-EB4934036883}.Release|Any CPU.ActiveCfg = Release|Any CPU
		{3FF07DF7-D91C-40C6-83A5-EB4934036883}.Release|Any CPU.Build.0 = Release|Any CPU
		{C0CB4896-445D-40A1-B0F1-8450FDF9FB5F}.Debug|Any CPU.ActiveCfg = Debug|Any CPU
		{C0CB4896-445D-40A1-B0F1-8450FDF9FB5F}.Debug|Any CPU.Build.0 = Debug|Any CPU
		{C0CB4896-445D-40A1-B0F1-8450FDF9FB5F}.Release|Any CPU.ActiveCfg = Release|Any CPU
		{C0CB4896-445D-40A1-B0F1-8450FDF9FB5F}.Release|Any CPU.Build.0 = Release|Any CPU
		{31D67138-33F1-47B3-A488-2F60968FE3F5}.Debug|Any CPU.ActiveCfg = Debug|Any CPU
		{31D67138-33F1-47B3-A488-2F60968FE3F5}.Debug|Any CPU.Build.0 = Debug|Any CPU
		{31D67138-33F1-47B3-A488-2F60968FE3F5}.Release|Any CPU.ActiveCfg = Release|Any CPU
		{31D67138-33F1-47B3-A488-2F60968FE3F5}.Release|Any CPU.Build.0 = Release|Any CPU
		{D57A2407-A1C1-402F-AC52-B7054A4361B2}.Debug|Any CPU.ActiveCfg = Debug|Any CPU
		{D57A2407-A1C1-402F-AC52-B7054A4361B2}.Debug|Any CPU.Build.0 = Debug|Any CPU
		{D57A2407-A1C1-402F-AC52-B7054A4361B2}.Release|Any CPU.ActiveCfg = Release|Any CPU
		{D57A2407-A1C1-402F-AC52-B7054A4361B2}.Release|Any CPU.Build.0 = Release|Any CPU
		{4B888E4D-C21A-483F-A618-7F2E99D92959}.Debug|Any CPU.ActiveCfg = Debug|Any CPU
		{4B888E4D-C21A-483F-A618-7F2E99D92959}.Debug|Any CPU.Build.0 = Debug|Any CPU
		{4B888E4D-C21A-483F-A618-7F2E99D92959}.Release|Any CPU.ActiveCfg = Release|Any CPU
		{4B888E4D-C21A-483F-A618-7F2E99D92959}.Release|Any CPU.Build.0 = Release|Any CPU
	EndGlobalSection
	GlobalSection(SolutionProperties) = preSolution
		HideSolutionNode = FALSE
	EndGlobalSection
	GlobalSection(NestedProjects) = preSolution
		{8FBF110F-73AD-4139-9A34-1B7D55E4CD69} = {566F3008-CDEC-40E3-8F26-B385855D6F8F}
		{FB8ADC07-E9D6-4C31-9DAF-B09085F4F86A} = {566F3008-CDEC-40E3-8F26-B385855D6F8F}
		{906B287E-449C-4004-9987-B1028336FF6B} = {566F3008-CDEC-40E3-8F26-B385855D6F8F}
		{AC1089D8-9012-4088-A25E-45DD2F5A0FED} = {13B4EC02-3E3A-4A9A-A991-6FF1FD943B9F}
		{5D3565B1-9A81-43BF-9E87-D3B1C06BF52B} = {D3CBA760-1DE8-4C43-988C-EE370FA5F38A}
		{E79E41EE-1DE1-42F7-A80C-0F3D0E668617} = {D3CBA760-1DE8-4C43-988C-EE370FA5F38A}
		{F35ADAB3-F2F8-4123-835D-CB007424969D} = {509D0660-8C73-4861-89BF-C96D6D7B6B5B}
		{D1F95152-C333-4266-8913-A7E694C47360} = {509D0660-8C73-4861-89BF-C96D6D7B6B5B}
		{9ECBF37D-3257-4DBA-A80E-0FA753467417} = {509D0660-8C73-4861-89BF-C96D6D7B6B5B}
		{566F3008-CDEC-40E3-8F26-B385855D6F8F} = {509D0660-8C73-4861-89BF-C96D6D7B6B5B}
		{03850822-B29F-486B-999D-A0635563567C} = {509D0660-8C73-4861-89BF-C96D6D7B6B5B}
		{39DFF2A1-0882-45D1-8222-C63B642F1656} = {509D0660-8C73-4861-89BF-C96D6D7B6B5B}
		{3FF07DF7-D91C-40C6-83A5-EB4934036883} = {509D0660-8C73-4861-89BF-C96D6D7B6B5B}
		{C0CB4896-445D-40A1-B0F1-8450FDF9FB5F} = {D3CBA760-1DE8-4C43-988C-EE370FA5F38A}
		{31D67138-33F1-47B3-A488-2F60968FE3F5} = {509D0660-8C73-4861-89BF-C96D6D7B6B5B}
		{D57A2407-A1C1-402F-AC52-B7054A4361B2} = {509D0660-8C73-4861-89BF-C96D6D7B6B5B}
		{4B888E4D-C21A-483F-A618-7F2E99D92959} = {509D0660-8C73-4861-89BF-C96D6D7B6B5B}
	EndGlobalSection
	GlobalSection(ExtensibilityGlobals) = postSolution
		SolutionGuid = {649D12D7-FBAA-4592-9561-7BE3ECA67F84}
	EndGlobalSection
EndGlobal
