
Microsoft Visual Studio Solution File, Format Version 12.00
# Visual Studio 15
VisualStudioVersion = 15.0.27130.2026
MinimumVisualStudioVersion = 10.0.40219.1
Project("{FAE04EC0-301F-11D3-BF4B-00C04F79EFBC}") = "Explorer", "Explorer\Explorer.csproj", "{03FB5D97-71E4-4304-B52F-6836605398B5}"
EndProject
Project("{FAE04EC0-301F-11D3-BF4B-00C04F79EFBC}") = "DeviceExplorer", "DeviceExplorer\DeviceExplorer.csproj", "{8FBF110F-73AD-4139-9A34-1B7D55E4CD69}"
EndProject
Project("{FAE04EC0-301F-11D3-BF4B-00C04F79EFBC}") = "DeviceExplorerMvvm", "DeviceExplorerMvvm\DeviceExplorerMvvm.csproj", "{FB8ADC07-E9D6-4C31-9DAF-B09085F4F86A}"
EndProject
Project("{FAE04EC0-301F-11D3-BF4B-00C04F79EFBC}") = "Devices", "Devices\Devices.csproj", "{906B287E-449C-4004-9987-B1028336FF6B}"
EndProject
Project("{7CF6DF6D-3B04-46F8-A40B-537D21BCA0B4}") = "ExplorerDoc", "ExplorerDoc\ExplorerDoc.shfbproj", "{AC1089D8-9012-4088-A25E-45DD2F5A0FED}"
EndProject
Global
	GlobalSection(SolutionConfigurationPlatforms) = preSolution
		Debug|Any CPU = Debug|Any CPU
		Release|Any CPU = Release|Any CPU
	EndGlobalSection
	GlobalSection(ProjectConfigurationPlatforms) = postSolution
		{03FB5D97-71E4-4304-B52F-6836605398B5}.Debug|Any CPU.ActiveCfg = Debug|Any CPU
		{03FB5D97-71E4-4304-B52F-6836605398B5}.Debug|Any CPU.Build.0 = Debug|Any CPU
		{03FB5D97-71E4-4304-B52F-6836605398B5}.Release|Any CPU.ActiveCfg = Release|Any CPU
		{03FB5D97-71E4-4304-B52F-6836605398B5}.Release|Any CPU.Build.0 = Release|Any CPU
		{8FBF110F-73AD-4139-9A34-1B7D55E4CD69}.Debug|Any CPU.ActiveCfg = Debug|Any CPU
		{8FBF110F-73AD-4139-9A34-1B7D55E4CD69}.Debug|Any CPU.Build.0 = Debug|Any CPU
		{8FBF110F-73AD-4139-9A34-1B7D55E4CD69}.Release|Any CPU.ActiveCfg = Release|Any CPU
		{8FBF110F-73AD-4139-9A34-1B7D55E4CD69}.Release|Any CPU.Build.0 = Release|Any CPU
		{FB8ADC07-E9D6-4C31-9DAF-B09085F4F86A}.Debug|Any CPU.ActiveCfg = Debug|Any CPU
		{FB8ADC07-E9D6-4C31-9DAF-B09085F4F86A}.Debug|Any CPU.Build.0 = Debug|Any CPU
		{FB8ADC07-E9D6-4C31-9DAF-B09085F4F86A}.Release|Any CPU.ActiveCfg = Release|Any CPU
		{FB8ADC07-E9D6-4C31-9DAF-B09085F4F86A}.Release|Any CPU.Build.0 = Release|Any CPU
		{906B287E-449C-4004-9987-B1028336FF6B}.Debug|Any CPU.ActiveCfg = Debug|Any CPU
		{906B287E-449C-4004-9987-B1028336FF6B}.Debug|Any CPU.Build.0 = Debug|Any CPU
		{906B287E-449C-4004-9987-B1028336FF6B}.Release|Any CPU.ActiveCfg = Release|Any CPU
		{906B287E-449C-4004-9987-B1028336FF6B}.Release|Any CPU.Build.0 = Release|Any CPU
		{AC1089D8-9012-4088-A25E-45DD2F5A0FED}.Debug|Any CPU.ActiveCfg = Debug|Any CPU
		{AC1089D8-9012-4088-A25E-45DD2F5A0FED}.Debug|Any CPU.Build.0 = Debug|Any CPU
		{AC1089D8-9012-4088-A25E-45DD2F5A0FED}.Release|Any CPU.ActiveCfg = Release|Any CPU
		{AC1089D8-9012-4088-A25E-45DD2F5A0FED}.Release|Any CPU.Build.0 = Release|Any CPU
	EndGlobalSection
	GlobalSection(SolutionProperties) = preSolution
		HideSolutionNode = FALSE
	EndGlobalSection
	GlobalSection(ExtensibilityGlobals) = postSolution
		SolutionGuid = {649D12D7-FBAA-4592-9561-7BE3ECA67F84}
	EndGlobalSection
EndGlobal
